// !$*UTF8*$!
{
	archiveVersion = 1;
	classes = {
	};
	objectVersion = 50;
	objects = {

/* Begin PBXBuildFile section */
		D5E530BD231CC28D00A38E04 /* AppDelegate.m in Sources */ = {isa = PBXBuildFile; fileRef = D5E530BC231CC28D00A38E04 /* AppDelegate.m */; };
		D5E530C0231CC28D00A38E04 /* ViewController.m in Sources */ = {isa = PBXBuildFile; fileRef = D5E530BF231CC28D00A38E04 /* ViewController.m */; };
		D5E530C3231CC28D00A38E04 /* Main.storyboard in Resources */ = {isa = PBXBuildFile; fileRef = D5E530C1231CC28D00A38E04 /* Main.storyboard */; };
		D5E530C5231CC28E00A38E04 /* Assets.xcassets in Resources */ = {isa = PBXBuildFile; fileRef = D5E530C4231CC28E00A38E04 /* Assets.xcassets */; };
		D5E530C8231CC28E00A38E04 /* LaunchScreen.storyboard in Resources */ = {isa = PBXBuildFile; fileRef = D5E530C6231CC28E00A38E04 /* LaunchScreen.storyboard */; };
		D5E530CB231CC28E00A38E04 /* main.m in Sources */ = {isa = PBXBuildFile; fileRef = D5E530CA231CC28E00A38E04 /* main.m */; };
		D5E530D3231CC29D00A38E04 /* WaveLineAnimationView.m in Sources */ = {isa = PBXBuildFile; fileRef = D5E530D1231CC29D00A38E04 /* WaveLineAnimationView.m */; };
/* End PBXBuildFile section */

/* Begin PBXFileReference section */
		D5E530B8231CC28D00A38E04 /* TestOne.app */ = {isa = PBXFileReference; explicitFileType = wrapper.application; includeInIndex = 0; path = TestOne.app; sourceTree = BUILT_PRODUCTS_DIR; };
		D5E530BB231CC28D00A38E04 /* AppDelegate.h */ = {isa = PBXFileReference; lastKnownFileType = sourcecode.c.h; path = AppDelegate.h; sourceTree = "<group>"; };
		D5E530BC231CC28D00A38E04 /* AppDelegate.m */ = {isa = PBXFileReference; lastKnownFileType = sourcecode.c.objc; path = AppDelegate.m; sourceTree = "<group>"; };
		D5E530BE231CC28D00A38E04 /* ViewController.h */ = {isa = PBXFileReference; lastKnownFileType = sourcecode.c.h; path = ViewController.h; sourceTree = "<group>"; };
		D5E530BF231CC28D00A38E04 /* ViewController.m */ = {isa = PBXFileReference; lastKnownFileType = sourcecode.c.objc; path = ViewController.m; sourceTree = "<group>"; };
		D5E530C2231CC28D00A38E04 /* Base */ = {isa = PBXFileReference; lastKnownFileType = file.storyboard; name = Base; path = Base.lproj/Main.storyboard; sourceTree = "<group>"; };
		D5E530C4231CC28E00A38E04 /* Assets.xcassets */ = {isa = PBXFileReference; lastKnownFileType = folder.assetcatalog; path = Assets.xcassets; sourceTree = "<group>"; };
		D5E530C7231CC28E00A38E04 /* Base */ = {isa = PBXFileReference; lastKnownFileType = file.storyboard; name = Base; path = Base.lproj/LaunchScreen.storyboard; sourceTree = "<group>"; };
		D5E530C9231CC28E00A38E04 /* Info.plist */ = {isa = PBXFileReference; lastKnownFileType = text.plist.xml; path = Info.plist; sourceTree = "<group>"; };
		D5E530CA231CC28E00A38E04 /* main.m */ = {isa = PBXFileReference; lastKnownFileType = sourcecode.c.objc; path = main.m; sourceTree = "<group>"; };
		D5E530D1231CC29D00A38E04 /* WaveLineAnimationView.m */ = {isa = PBXFileReference; fileEncoding = 4; lastKnownFileType = sourcecode.c.objc; path = WaveLineAnimationView.m; sourceTree = "<group>"; };
		D5E530D2231CC29D00A38E04 /* WaveLineAnimationView.h */ = {isa = PBXFileReference; fileEncoding = 4; lastKnownFileType = sourcecode.c.h; path = WaveLineAnimationView.h; sourceTree = "<group>"; };
/* End PBXFileReference section */

/* Begin PBXFrameworksBuildPhase section */
		D5E530B5231CC28D00A38E04 /* Frameworks */ = {
			isa = PBXFrameworksBuildPhase;
			buildActionMask = 2147483647;
			files = (
			);
			runOnlyForDeploymentPostprocessing = 0;
		};
/* End PBXFrameworksBuildPhase section */

/* Begin PBXGroup section */
		D5E530AF231CC28D00A38E04 = {
			isa = PBXGroup;
			children = (
				D5E530BA231CC28D00A38E04 /* TestOne */,
				D5E530B9231CC28D00A38E04 /* Products */,
			);
			sourceTree = "<group>";
		};
		D5E530B9231CC28D00A38E04 /* Products */ = {
			isa = PBXGroup;
			children = (
				D5E530B8231CC28D00A38E04 /* TestOne.app */,
			);
			name = Products;
			sourceTree = "<group>";
		};
		D5E530BA231CC28D00A38E04 /* TestOne */ = {
			isa = PBXGroup;
			children = (
				D5E530D2231CC29D00A38E04 /* WaveLineAnimationView.h */,
				D5E530D1231CC29D00A38E04 /* WaveLineAnimationView.m */,
				D5E530BB231CC28D00A38E04 /* AppDelegate.h */,
				D5E530BC231CC28D00A38E04 /* AppDelegate.m */,
				D5E530BE231CC28D00A38E04 /* ViewController.h */,
				D5E530BF231CC28D00A38E04 /* ViewController.m */,
				D5E530C1231CC28D00A38E04 /* Main.storyboard */,
				D5E530C4231CC28E00A38E04 /* Assets.xcassets */,
				D5E530C6231CC28E00A38E04 /* LaunchScreen.storyboard */,
				D5E530C9231CC28E00A38E04 /* Info.plist */,
				D5E530CA231CC28E00A38E04 /* main.m */,
			);
			path = TestOne;
			sourceTree = "<group>";
		};
/* End PBXGroup section */

/* Begin PBXNativeTarget section */
		D5E530B7231CC28D00A38E04 /* TestOne */ = {
			isa = PBXNativeTarget;
			buildConfigurationList = D5E530CE231CC28E00A38E04 /* Build configuration list for PBXNativeTarget "TestOne" */;
			buildPhases = (
				D5E530B4231CC28D00A38E04 /* Sources */,
				D5E530B5231CC28D00A38E04 /* Frameworks */,
				D5E530B6231CC28D00A38E04 /* Resources */,
			);
			buildRules = (
			);
			dependencies = (
			);
			name = TestOne;
			productName = TestOne;
			productReference = D5E530B8231CC28D00A38E04 /* TestOne.app */;
			productType = "com.apple.product-type.application";
		};
/* End PBXNativeTarget section */

/* Begin PBXProject section */
		D5E530B0231CC28D00A38E04 /* Project object */ = {
			isa = PBXProject;
			attributes = {
				LastUpgradeCheck = 1030;
				ORGANIZATIONNAME = JMFT;
				TargetAttributes = {
					D5E530B7231CC28D00A38E04 = {
						CreatedOnToolsVersion = 10.3;
					};
				};
			};
			buildConfigurationList = D5E530B3231CC28D00A38E04 /* Build configuration list for PBXProject "TestOne" */;
			compatibilityVersion = "Xcode 9.3";
			developmentRegion = en;
			hasScannedForEncodings = 0;
			knownRegions = (
				en,
				Base,
			);
			mainGroup = D5E530AF231CC28D00A38E04;
			productRefGroup = D5E530B9231CC28D00A38E04 /* Products */;
			projectDirPath = "";
			projectRoot = "";
			targets = (
				D5E530B7231CC28D00A38E04 /* TestOne */,
			);
		};
/* End PBXProject section */

/* Begin PBXResourcesBuildPhase section */
		D5E530B6231CC28D00A38E04 /* Resources */ = {
			isa = PBXResourcesBuildPhase;
			buildActionMask = 2147483647;
			files = (
				D5E530C8231CC28E00A38E04 /* LaunchScreen.storyboard in Resources */,
				D5E530C5231CC28E00A38E04 /* Assets.xcassets in Resources */,
				D5E530C3231CC28D00A38E04 /* Main.storyboard in Resources */,
			);
			runOnlyForDeploymentPostprocessing = 0;
		};
/* End PBXResourcesBuildPhase section */

/* Begin PBXSourcesBuildPhase section */
		D5E530B4231CC28D00A38E04 /* Sources */ = {
			isa = PBXSourcesBuildPhase;
			buildActionMask = 2147483647;
			files = (
				D5E530D3231CC29D00A38E04 /* WaveLineAnimationView.m in Sources */,
				D5E530C0231CC28D00A38E04 /* ViewController.m in Sources */,
				D5E530CB231CC28E00A38E04 /* main.m in Sources */,
				D5E530BD231CC28D00A38E04 /* AppDelegate.m in Sources */,
			);
			runOnlyForDeploymentPostprocessing = 0;
		};
/* End PBXSourcesBuildPhase section */

/* Begin PBXVariantGroup section */
		D5E530C1231CC28D00A38E04 /* Main.storyboard */ = {
			isa = PBXVariantGroup;
			children = (
				D5E530C2231CC28D00A38E04 /* Base */,
			);
			name = Main.storyboard;
			sourceTree = "<group>";
		};
		D5E530C6231CC28E00A38E04 /* LaunchScreen.storyboard */ = {
			isa = PBXVariantGroup;
			children = (
				D5E530C7231CC28E00A38E04 /* Base */,
			);
			name = LaunchScreen.storyboard;
			sourceTree = "<group>";
		};
/* End PBXVariantGroup section */

/* Begin XCBuildConfiguration section */
		D5E530CC231CC28E00A38E04 /* Debug */ = {
			isa = XCBuildConfiguration;
			buildSettings = {
				ALWAYS_SEARCH_USER_PATHS = NO;
				CLANG_ANALYZER_NONNULL = YES;
				CLANG_ANALYZER_NUMBER_OBJECT_CONVERSION = YES_AGGRESSIVE;
				CLANG_CXX_LANGUAGE_STANDARD = "gnu++14";
				CLANG_CXX_LIBRARY = "libc++";
				CLANG_ENABLE_MODULES = YES;
				CLANG_ENABLE_OBJC_ARC = YES;
				CLANG_ENABLE_OBJC_WEAK = YES;
				CLANG_WARN_BLOCK_CAPTURE_AUTORELEASING = YES;
				CLANG_WARN_BOOL_CONVERSION = YES;
				CLANG_WARN_COMMA = YES;
				CLANG_WARN_CONSTANT_CONVERSION = YES;
				CLANG_WARN_DEPRECATED_OBJC_IMPLEMENTATIONS = YES;
				CLANG_WARN_DIRECT_OBJC_ISA_USAGE = YES_ERROR;
				CLANG_WARN_DOCUMENTATION_COMMENTS = YES;
				CLANG_WARN_EMPTY_BODY = YES;
				CLANG_WARN_ENUM_CONVERSION = YES;
				CLANG_WARN_INFINITE_RECURSION = YES;
				CLANG_WARN_INT_CONVERSION = YES;
				CLANG_WARN_NON_LITERAL_NULL_CONVERSION = YES;
				CLANG_WARN_OBJC_IMPLICIT_RETAIN_SELF = YES;
				CLANG_WARN_OBJC_LITERAL_CONVERSION = YES;
				CLANG_WARN_OBJC_ROOT_CLASS = YES_ERROR;
				CLANG_WARN_RANGE_LOOP_ANALYSIS = YES;
				CLANG_WARN_STRICT_PROTOTYPES = YES;
				CLANG_WARN_SUSPICIOUS_MOVE = YES;
				CLANG_WARN_UNGUARDED_AVAILABILITY = YES_AGGRESSIVE;
				CLANG_WARN_UNREACHABLE_CODE = YES;
				CLANG_WARN__DUPLICATE_METHOD_MATCH = YES;
				CODE_SIGN_IDENTITY = "iPhone Developer";
				COPY_PHASE_STRIP = NO;
				DEBUG_INFORMATION_FORMAT = dwarf;
				ENABLE_STRICT_OBJC_MSGSEND = YES;
				ENABLE_TESTABILITY = YES;
				GCC_C_LANGUAGE_STANDARD = gnu11;
				GCC_DYNAMIC_NO_PIC = NO;
				GCC_NO_COMMON_BLOCKS = YES;
				GCC_OPTIMIZATION_LEVEL = 0;
				GCC_PREPROCESSOR_DEFINITIONS = (
					"DEBUG=1",
					"$(inherited)",
				);
				GCC_WARN_64_TO_32_BIT_CONVERSION = YES;
				GCC_WARN_ABOUT_RETURN_TYPE = YES_ERROR;
				GCC_WARN_UNDECLARED_SELECTOR = YES;
				GCC_WARN_UNINITIALIZED_AUTOS = YES_AGGRESSIVE;
				GCC_WARN_UNUSED_FUNCTION = YES;
				GCC_WARN_UNUSED_VARIABLE = YES;
				IPHONEOS_DEPLOYMENT_TARGET = 12.4;
				MTL_ENABLE_DEBUG_INFO = INCLUDE_SOURCE;
				MTL_FAST_MATH = YES;
				ONLY_ACTIVE_ARCH = YES;
				SDKROOT = iphoneos;
			};
			name = Debug;
		};
		D5E530CD231CC28E00A38E04 /* Release */ = {
			isa = XCBuildConfiguration;
			buildSettings = {
				ALWAYS_SEARCH_USER_PATHS = NO;
				CLANG_ANALYZER_NONNULL = YES;
				CLANG_ANALYZER_NUMBER_OBJECT_CONVERSION = YES_AGGRESSIVE;
				CLANG_CXX_LANGUAGE_STANDARD = "gnu++14";
				CLANG_CXX_LIBRARY = "libc++";
				CLANG_ENABLE_MODULES = YES;
				CLANG_ENABLE_OBJC_ARC = YES;
				CLANG_ENABLE_OBJC_WEAK = YES;
				CLANG_WARN_BLOCK_CAPTURE_AUTORELEASING = YES;
				CLANG_WARN_BOOL_CONVERSION = YES;
				CLANG_WARN_COMMA = YES;
				CLANG_WARN_CONSTANT_CONVERSION = YES;
				CLANG_WARN_DEPRECATED_OBJC_IMPLEMENTATIONS = YES;
				CLANG_WARN_DIRECT_OBJC_ISA_USAGE = YES_ERROR;
				CLANG_WARN_DOCUMENTATION_COMMENTS = YES;
				CLANG_WARN_EMPTY_BODY = YES;
				CLANG_WARN_ENUM_CONVERSION = YES;
				CLANG_WARN_INFINITE_RECURSION = YES;
				CLANG_WARN_INT_CONVERSION = YES;
				CLANG_WARN_NON_LITERAL_NULL_CONVERSION = YES;
				CLANG_WARN_OBJC_IMPLICIT_RETAIN_SELF = YES;
				CLANG_WARN_OBJC_LITERAL_CONVERSION = YES;
				CLANG_WARN_OBJC_ROOT_CLASS = YES_ERROR;
				CLANG_WARN_RANGE_LOOP_ANALYSIS = YES;
				CLANG_WARN_STRICT_PROTOTYPES = YES;
				CLANG_WARN_SUSPICIOUS_MOVE = YES;
				CLANG_WARN_UNGUARDED_AVAILABILITY = YES_AGGRESSIVE;
				CLANG_WARN_UNREACHABLE_CODE = YES;
				CLANG_WARN__DUPLICATE_METHOD_MATCH = YES;
				CODE_SIGN_IDENTITY = "iPhone Developer";
				COPY_PHASE_STRIP = NO;
				DEBUG_INFORMATION_FORMAT = "dwarf-with-dsym";
				ENABLE_NS_ASSERTIONS = NO;
				ENABLE_STRICT_OBJC_MSGSEND = YES;
				GCC_C_LANGUAGE_STANDARD = gnu11;
				GCC_NO_COMMON_BLOCKS = YES;
				GCC_WARN_64_TO_32_BIT_CONVERSION = YES;
				GCC_WARN_ABOUT_RETURN_TYPE = YES_ERROR;
				GCC_WARN_UNDECLARED_SELECTOR = YES;
				GCC_WARN_UNINITIALIZED_AUTOS = YES_AGGRESSIVE;
				GCC_WARN_UNUSED_FUNCTION = YES;
				GCC_WARN_UNUSED_VARIABLE = YES;
				IPHONEOS_DEPLOYMENT_TARGET = 12.4;
				MTL_ENABLE_DEBUG_INFO = NO;
				MTL_FAST_MATH = YES;
				SDKROOT = iphoneos;
				VALIDATE_PRODUCT = YES;
			};
			name = Release;
		};
		D5E530CF231CC28E00A38E04 /* Debug */ = {
			isa = XCBuildConfiguration;
			buildSettings = {
				ASSETCATALOG_COMPILER_APPICON_NAME = AppIcon;
				CODE_SIGN_STYLE = Automatic;
				DEVELOPMENT_TEAM = KU7Y2PZCGJ;
				INFOPLIST_FILE = TestOne/Info.plist;
				LD_RUNPATH_SEARCH_PATHS = (
					"$(inherited)",
					"@executable_path/Frameworks",
				);
				PRODUCT_BUNDLE_IDENTIFIER = com.jmft.TestOne;
				PRODUCT_NAME = "$(TARGET_NAME)";
				TARGETED_DEVICE_FAMILY = "1,2";
			};
			name = Debug;
		};
		D5E530D0231CC28E00A38E04 /* Release */ = {
			isa = XCBuildConfiguration;
			buildSettings = {
				ASSETCATALOG_COMPILER_APPICON_NAME = AppIcon;
				CODE_SIGN_STYLE = Automatic;
				DEVELOPMENT_TEAM = KU7Y2PZCGJ;
				INFOPLIST_FILE = TestOne/Info.plist;
				LD_RUNPATH_SEARCH_PATHS = (
					"$(inherited)",
					"@executable_path/Frameworks",
				);
				PRODUCT_BUNDLE_IDENTIFIER = com.jmft.TestOne;
				PRODUCT_NAME = "$(TARGET_NAME)";
				TARGETED_DEVICE_FAMILY = "1,2";
			};
			name = Release;
		};
/* End XCBuildConfiguration section */

/* Begin XCConfigurationList section */
		D5E530B3231CC28D00A38E04 /* Build configuration list for PBXProject "TestOne" */ = {
			isa = XCConfigurationList;
			buildConfigurations = (
				D5E530CC231CC28E00A38E04 /* Debug */,
				D5E530CD231CC28E00A38E04 /* Release */,
			);
			defaultConfigurationIsVisible = 0;
			defaultConfigurationName = Release;
		};
		D5E530CE231CC28E00A38E04 /* Build configuration list for PBXNativeTarget "TestOne" */ = {
			isa = XCConfigurationList;
			buildConfigurations = (
				D5E530CF231CC28E00A38E04 /* Debug */,
				D5E530D0231CC28E00A38E04 /* Release */,
			);
			defaultConfigurationIsVisible = 0;
			defaultConfigurationName = Release;
		};
/* End XCConfigurationList section */
	};
	rootObject = D5E530B0231CC28D00A38E04 /* Project object */;
}
